version = 1
revision = 5
requires-python = "==3.12.*"

[[package]]
name = "coverage"
version = "7.16.2"
source = { registry = "https://pypi.org/simple" }
sdist = { url = "https://files.pythonhosted.org/packages/2f/55/d1eaf3e73781174340a00dc1ba2aee8a65f82fadb18e2797b192b6b3925b/coverage-7.16.2.tar.gz", hash = "sha256:ca64d9f1f384f151b9511bec01126072acd2f313439f8ed015a22d8790aab6fa", size = 971999, upload-time = "2026-09-27T12:29:01.118Z" }
wheels = [
    { url = "https://files.pythonhosted.org/packages/5e/2c/f8296c63c5d542f3d21aed685e56b7031a419037d155bb3382fc0940d249/coverage-7.16.2-cp312-cp312-macosx_10_13_x86_64.whl", hash = "sha256:218d742afca2b5ad5ca759e93eddedfbcc6eadf8322f080dcefc40b7bd4e2d48", size = 223969, upload-time = "2026-09-27T12:26:16.753Z" },
    { url = "https://files.pythonhosted.org/packages/90/23/6f3dcb1423a0d43216e402ea1746e4a7c7c44f38896b97dd573790f56a40/coverage-7.16.2-cp312-cp312-macosx_11_0_arm64.whl", hash = "sha256:a9a638be322a8d76a41cdb17781c7f82aaee6a66493d8ffb7e2c09ee22423d99", size = 224328, upload-time = "2026-09-27T12:26:18.15Z" },
    { url = "https://files.pythonhosted.org/packages/ac/7d/8f3b6dc920e3fc6732f7678785a2091db439f186afbec30dbf2214d9b1f7/coverage-7.16.2-cp312-cp312-manylinux1_i686.manylinux_2_28_i686.manylinux_2_5_i686.whl", hash = "sha256:724bd0f1e81856b35e59fc98cf7b4e544a3cb662e4e0864dca73d4326ee9d808", size = 255832, upload-time = "2026-09-27T12:26:19.799Z" },
    { url = "https://files.pythonhosted.org/packages/d1/36/6c45f15be4eca4ac1062c6a55a323286494c99726a7e58951fe85967ac08/coverage-7.16.2-cp312-cp312-manylinux1_x86_64.manylinux_2_28_x86_64.manylinux_2_5_x86_64.whl", hash = "sha256:5375ebd99038021b35e99dc88255022912c06565d316212f4a576e4b08d30f5d", size = 258571, upload-time = "2026-09-27T12:26:21.199Z" },
    { url = "https://files.pythonhosted.org/packages/34/fb/b54cbeba3ad89082c2e441278681859e538322cc34b84b2af7ebff00080f/coverage-7.16.2-cp312-cp312-manylinux2014_aarch64.manylinux_2_17_aarch64.manylinux_2_28_aarch64.whl", hash = "sha256:7a076277ca9f5750cc230f0f578ebd2620cec60255b25707361699fef6fb465c", size = 259680, upload-time = "2026-09-27T12:26:22.822Z" },
    { url = "https://files.pythonhosted.org/packages/6e/a2/0dc65ec3d61930e1e4c2e371763b15eb4290896eb343a12d5d3091308116/coverage-7.16.2-cp312-cp312-manylinux2014_ppc64le.manylinux_2_17_ppc64le.manylinux_2_28_ppc64le.whl", hash = "sha256:58d4a54c6ea672afef66d49be922a2c69826c5ae1a42a9cd94f0c9c2bacdf800", size = 261945, upload-time = "2026-09-27T12:26:24.336Z" },
    { url = "https://files.pythonhosted.org/packages/d6/93/5fad7a61f2c14e08e98946fc31c1c7ffc1195061bf3fdc351db3be77a863/coverage-7.16.2-cp312-cp312-manylinux_2_31_riscv64.manylinux_2_39_riscv64.whl", hash = "sha256:0dcbcfcc059117284c603ff8cb61a65872512882f84a8cf0339241f7f7c2f148", size = 256191, upload-time = "2026-09-27T12:26:25.89Z" },
    { url = "https://files.pythonhosted.org/packages/2d/47/74e5de9227b939ece9f64e729645ddc4296bea10dbfa98721c1333c8be2e/coverage-7.16.2-cp312-cp312-musllinux_1_2_aarch64.whl", hash = "sha256:afdf43b72ef3876c1fe66423b91466e37877c9e81e8cec70542b7e8525b9d1b7", size = 257610, upload-time = "2026-09-27T12:26:27.35Z" },
    { url = "https://files.pythonhosted.org/packages/13/fe/2cf28d40b43645d1b72388fe3ee7f7c747533a6a9557bb8c24a7ae74fe1a/coverage-7.16.2-cp312-cp312-musllinux_1_2_i686.whl", hash = "sha256:9acc7f7ec4a1b5f89bd929fde5b8a714f6fafdc6cc18725413d510aa082b47ad", size = 255757, upload-time = "2026-09-27T12:26:28.949Z" },
    { url = "https://files.pythonhosted.org/packages/d7/3d/7c149fd99fc8bbc39c80db5e688d1d39fd040be2ecb78b8335a51a55b9c0/coverage-7.16.2-cp312-cp312-musllinux_1_2_ppc64le.whl", hash = "sha256:80d3f7b48d43ee8fc5e8707a8adb43d743a5a1a85256c25a24f9d6d0e2238fa6", size = 259822, upload-time = "2026-09-27T12:26:30.515Z" },
    { url = "https://files.pythonhosted.org/packages/e6/3f/b283fce09d5995e227bd8e513358dd7471bedc0f78abc85a925ebdb0a2f6/coverage-7.16.2-cp312-cp312-musllinux_1_2_riscv64.whl", hash = "sha256:126d1af8804d7224421fe991ff65d3ce649081560df7a98b1a5ffff07f9923bd", size = 255325, upload-time = "2026-09-27T12:26:32.037Z" },
    { url = "https://files.pythonhosted.org/packages/bf/91/f3325edf0c4223fb1fe1532b8dbef2a1d2f729459a9a7d1a44d073bae534/coverage-7.16.2-cp312-cp312-musllinux_1_2_x86_64.whl", hash = "sha256:c19cd6d025c1673f22afcd22c7df8a662d779e05d8e3fa6820c22afb895b0206", size = 257191, upload-time = "2026-09-27T12:26:33.525Z" },
    { url = "https://files.pythonhosted.org/packages/c4/89/21eb5e83ecf2eed523c4eb3d65ae513cd082c8fd1b6deb34c4cb6c332f97/coverage-7.16.2-cp312-cp312-win32.whl", hash = "sha256:152877cdc8a07264882cfcd503ba56a3ef6cba56a70e8c70f6eb8ffd7384789a", size = 226034, upload-time = "2026-09-27T12:26:35.021Z" },
    { url = "https://files.pythonhosted.org/packages/db/de/e3ad6d864c0833624b4f1f9b53f9e58e116c945e5e965c3f1e172c5e84cd/coverage-7.16.2-cp312-cp312-win_amd64.whl", hash = "sha256:e6c52d3307824ff93b39efd99e4185d557db40bd841452abfb32e5d9151ca162", size = 226569, upload-time = "2026-09-27T12:26:36.604Z" },
    { url = "https://files.pythonhosted.org/packages/3e/c1/bccc58ebe5489cc70628f635c1932fd371f5d7da850dbcf960f95f4c4afc/coverage-7.16.2-cp312-cp312-win_arm64.whl", hash = "sha256:a678c0b6b22086ec2427359d22e37445d4a792f5fdbbc744112c7dade65cad02", size = 226372, upload-time = "2026-09-27T12:26:38.406Z" },
    { url = "https://files.pythonhosted.org/packages/3f/0c/7a64e1ac90541a8edf50daef0914848011fb057a5bf55284a4811e21939a/coverage-7.16.2-py3-none-any.whl", hash = "sha256:11d28e9123a9156cb405d8d27b44256c9a58fb5decc2073a8f17862057e3aa0f", size = 215754, upload-time = "2026-09-27T12:28:59.075Z" },
]

[[package]]
name = "cuda-bindings"
version = "13.4.3"
source = { registry = "https://pypi.org/simple" }
dependencies = [
    { name = "cuda-pathfinder" },
]
wheels = [
    { url = "https://files.pythonhosted.org/packages/65/11/1293429c1c3a3e19b551275e65efddd122a905bbe7e368816a59f3ef2a41/cuda_bindings-13.4.3-cp312-cp312-manylinux_2_24_aarch64.manylinux_2_28_aarch64.whl", hash = "sha256:bfbd3f7d4ac04dd41dc49121b9e408c8283992f47124c2290ecb79bbbadcca8e", size = 6488226, upload-time = "2026-09-23T02:22:00.578Z" },
    { url = "https://files.pythonhosted.org/packages/b8/c3/efb6bbb7307bf5c83dc4acca650280b210c67ed1a1a60f898a90e7c82e38/cuda_bindings-13.4.3-cp312-cp312-manylinux_2_24_x86_64.manylinux_2_28_x86_64.whl", hash = "sha256:d5f72bcfcdf3be23e1da3c792f68f508586f48d037bca8b10f552c4cca5971f2", size = 7172185, upload-time = "2026-09-23T02:22:03.114Z" },
]

[[package]]
name = "cuda-pathfinder"
version = "1.8.3"
source = { registry = "https://pypi.org/simple" }
wheels = [
    { url = "https://files.pythonhosted.org/packages/b9/fb/f8e1890428f9f590b4beebd63b068aac1ce32a3331510c847b9f9a78f261/cuda_pathfinder-1.8.3-py3-none-any.whl", hash = "sha256:e29e59829c297a7a5233bd9cc71094fc5bddbd076951482670178f9eade39b1f", size = 62561, upload-time = "2026-10-02T03:20:23.712Z" },
]

[[package]]
name = "cuda-toolkit"
version = "13.0.3.0"
source = { registry = "https://pypi.org/simple" }
wheels = [
    { url = "https://files.pythonhosted.org/packages/d1/c7/a79086a62c98befcdb8349656c6f114e2db3b8b2422f6e25c97a7f2a9a3c/cuda_toolkit-13.0.3.0-py2.py3-none-any.whl", hash = "sha256:d693caaa261214ddd7dbb60d68e71cbed884e68c2be7509778f3051da0b91c3f", size = 2512, upload-time = "2026-04-14T00:50:08.173Z" },
]

[package.optional-dependencies]
cublas = [
    { name = "nvidia-cublas", marker = "platform_machine == 'aarch64' or platform_machine == 'x86_64'" },
    { name = "nvidia-cuda-nvrtc", marker = "platform_machine == 'aarch64' or platform_machine == 'x86_64'" },
]
cudart = [
    { name = "nvidia-cuda-runtime", marker = "platform_machine == 'aarch64' or platform_machine == 'x86_64'" },
]
cufft = [
    { name = "nvidia-cufft", marker = "platform_machine == 'aarch64' or platform_machine == 'x86_64'" },
    { name = "nvidia-nvjitlink", marker = "platform_machine == 'aarch64' or platform_machine == 'x86_64'" },
]
cufile = [
    { name = "nvidia-cufile", marker = "platform_machine == 'aarch64' or platform_machine == 'x86_64'" },
]
cupti = [
    { name = "nvidia-cuda-cupti", marker = "platform_machine == 'aarch64' or platform_machine == 'x86_64'" },
]
curand = [
    { name = "nvidia-curand", marker = "platform_machine == 'aarch64' or platform_machine == 'x86_64'" },
]
cusolver = [
    { name = "nvidia-cublas", marker = "platform_machine == 'aarch64' or platform_machine == 'x86_64'" },
    { name = "nvidia-cusolver", marker = "platform_machine == 'aarch64' or platform_machine == 'x86_64'" },
    { name = "nvidia-cusparse", marker = "platform_machine == 'aarch64' or platform_machine == 'x86_64'" },
    { name = "nvidia-nvjitlink", marker = "platform_machine == 'aarch64' or platform_machine == 'x86_64'" },
]
cusparse = [
    { name = "nvidia-cusparse", marker = "platform_machine == 'aarch64' or platform_machine == 'x86_64'" },
    { name = "nvidia-nvjitlink", marker = "platform_machine == 'aarch64' or platform_machine == 'x86_64'" },
]
nvjitlink = [
    { name = "nvidia-nvjitlink", marker = "platform_machine == 'aarch64' or platform_machine == 'x86_64'" },
]
nvrtc = [
    { name = "nvidia-cuda-nvrtc", marker = "platform_machine == 'aarch64' or platform_machine == 'x86_64'" },
]
nvtx = [
    { name = "nvidia-nvtx", marker = "platform_machine == 'aarch64' or platform_machine == 'x86_64'" },
]

[[package]]
name = "filelock"
version = "4.0.11"
source = { registry = "https://pypi.org/simple" }
sdist = { url = "https://files.pythonhosted.org/packages/d8/9c/925c4f62920e4200d573d2bfe5cfd1b993134c3aee5f9bd3b7c55e20297e/filelock-4.0.11.tar.gz", hash = "sha256:9dc453a1edd25626a6fc97c2cb1bd9f7e46345843d40b3181c071761fb9a5f7a", size = 253844, upload-time = "2026-10-05T00:57:32.47Z" }
wheels = [
    { url = "https://files.pythonhosted.org/packages/4a/4d/2983a9fc0a412a09151299d1ec9eb7511e3d577f7213e19395fabebf9db6/filelock-4.0.11-py3-none-any.whl", hash = "sha256:1cbdc4ace7fb11d2f6d073f5c3d91537a23b3d58d2bf2fdffc12c6d717a589c6", size = 111688, upload-time = "2026-10-05T00:57:30.896Z" },
]

[[package]]
name = "fsspec"
version = "2026.9.0"
source = { registry = "https://pypi.org/simple" }
sdist = { url = "https://files.pythonhosted.org/packages/77/cd/9be253869fc42e764de7f3dedd6969af7d44ff9c3375214a3442a6f3fc08/fsspec-2026.9.0.tar.gz", hash = "sha256:0f08147951c8cb31d844c3547d631053b127863b60be04cf06e121333ee0e2fe", size = 333545, upload-time = "2026-09-18T17:50:42.825Z" }
wheels = [
    { url = "https://files.pythonhosted.org/packages/6c/c0/a98505f18594f1bce828bb159cec0fcf9860562f1a2c85913409fc8f3d9e/fsspec-2026.9.0-py3-none-any.whl", hash = "sha256:8dd6e646e99ea382bd85f97a45e6b526a442d79423a7dc673f1e2756d05fcb5f", size = 221738, upload-time = "2026-09-18T17:50:41.341Z" },
]

[[package]]
name = "jinja2"
version = "3.1.6"
source = { registry = "https://pypi.org/simple" }
dependencies = [
    { name = "markupsafe" },
]
sdist = { url = "https://files.pythonhosted.org/packages/df/bf/f7da0350254c0ed7c72f3e33cef02e048281fec7ecec5f032d4aac52226b/jinja2-3.1.6.tar.gz", hash = "sha256:0137fb05990d35f1275a587e9aee6d56da821fc83491a0fb838183be43f66d6d", size = 245115, upload-time = "2025-03-05T20:05:02.478Z" }
wheels = [
    { url = "https://files.pythonhosted.org/packages/62/a1/3d680cbfd5f4b8f15abc1d571870c5fc3e594bb582bc3b64ea099db13e56/jinja2-3.1.6-py3-none-any.whl", hash = "sha256:85ece4451f492d0c13c5dd7c13a64681a86afae63a5f347908daf103ce6d2f67", size = 134899, upload-time = "2025-03-05T20:05:00.369Z" },
]

[[package]]
name = "markupsafe"
version = "3.0.4"
source = { registry = "https://pypi.org/simple" }
sdist = { url = "https://files.pythonhosted.org/packages/38/9b/e422a865e1d5d57d0e509b4e0bf1c1a70a7f6382c29a5aa428df994c8bc8/markupsafe-3.0.4.tar.gz", hash = "sha256:2e9ad7dd851bf45fab9f75cbff4cb493fee9979e8d8c7c9c3ee119022518edd6", size = 153777, upload-time = "2026-10-02T23:07:22.29Z" }
wheels = [
    { url = "https://files.pythonhosted.org/packages/81/09/4c59d56b8461ae8eb0d8ba34bb25b7e618547044679d58a82ef9b2479fc1/markupsafe-3.0.4-cp312-cp312-macosx_10_13_x86_64.whl", hash = "sha256:61631e08084be9e21a8967ec3139c7616ed7c5e9368e05c86d1b39562c8a57b6", size = 11658, upload-time = "2026-10-02T23:04:51.876Z" },
    { url = "https://files.pythonhosted.org/packages/a2/f0/d6613774d86fbf6d145751d43c59875e47a6f9f17daee0aef173bd36d90e/markupsafe-3.0.4-cp312-cp312-macosx_11_0_arm64.whl", hash = "sha256:0930db9bdc62d22944e10b066448bb65dc9abe9112880c7cab8da54db4284d5f", size = 12050, upload-time = "2026-10-02T23:04:52.931Z" },
    { url = "https://files.pythonhosted.org/packages/0d/f2/8f18e0b806eb13c1f8d07d917a720831ead54253a6dec011fbc78098a6f8/markupsafe-3.0.4-cp312-cp312-manylinux2014_aarch64.manylinux_2_17_aarch64.manylinux_2_28_aarch64.whl", hash = "sha256:6a45c3d514f2436064db00d7fc8778d888f0236ebfed649b53d13a59e69ad51b", size = 24363, upload-time = "2026-10-02T23:04:53.895Z" },
    { url = "https://files.pythonhosted.org/packages/60/ce/fa07dbe8a5675558fa36dea033e19995bc783de2dec5f540ccb9030b06aa/markupsafe-3.0.4-cp312-cp312-manylinux2014_armv7l.manylinux_2_17_armv7l.manylinux_2_31_armv7l.whl", hash = "sha256:1e1451fab512d1bcc3dc26988ec1edb0b82c2db909132872cd9356070a6b63df", size = 28525, upload-time = "2026-10-02T23:04:54.905Z" },
    { url = "https://files.pythonhosted.org/packages/85/40/be87c01f3868ec217f8a2015089d71c22c8c5a75324822e5ed1cdd87210d/markupsafe-3.0.4-cp312-cp312-manylinux2014_ppc64le.manylinux_2_17_ppc64le.manylinux_2_28_ppc64le.whl", hash = "sha256:bd3ce56ae2cbae3ba82b683bc425cd7e48d2ed8b10f3e818186b6f5646d9271c", size = 24733, upload-time = "2026-10-02T23:04:56.229Z" },
    { url = "https://files.pythonhosted.org/packages/4f/a7/aeedb5140afa41fc74c225e9184ab96723a6e873b6ee1c9fede7283456d8/markupsafe-3.0.4-cp312-cp312-manylinux2014_x86_64.manylinux_2_17_x86_64.manylinux_2_28_x86_64.whl", hash = "sha256:8e124f974786f831d6043728e38296969d3579db8896fe004682f5758e613581", size = 22985, upload-time = "2026-10-02T23:04:57.521Z" },
    { url = "https://files.pythonhosted.org/packages/c3/fc/e91352bb08c6a59da3ef0909d457bf95a5f5908fbf151b30a06d9dbcfbb4/markupsafe-3.0.4-cp312-cp312-manylinux_2_31_riscv64.manylinux_2_39_riscv64.whl", hash = "sha256:c02e8f18bdedba082cef725942ac823b9b60656db07f7e265cb31618dfd00d77", size = 22001, upload-time = "2026-10-02T23:04:58.597Z" },
    { url = "https://files.pythonhosted.org/packages/5d/f8/bffee5e7d2a3deb59748a797650a48af7e672025cf641a79344a771ad106/markupsafe-3.0.4-cp312-cp312-musllinux_1_2_aarch64.whl", hash = "sha256:9f098115c247e11d138ab83a28fa0323c77015007ea2df73ba5fd714dfefd67c", size = 23793, upload-time = "2026-10-02T23:04:59.686Z" },
    { url = "https://files.pythonhosted.org/packages/ed/59/b853d6628ecb4d658e1d637224846d5e9bb4adf4f8df97f3be9f29dce2ec/markupsafe-3.0.4-cp312-cp312-musllinux_1_2_armv7l.whl", hash = "sha256:d5f93ebbeb8032d47e349328ec8662d973d9b05a70b3c35df1f91fe419b84749", size = 22640, upload-time = "2026-10-02T23:05:00.768Z" },
    { url = "https://files.pythonhosted.org/packages/09/b2/1506df394f0f075797c418d0301498f49e43be194e3ffcb49e6fe6ccf022/markupsafe-3.0.4-cp312-cp312-musllinux_1_2_ppc64le.whl", hash = "sha256:64511c54db4e4987aef4c41923235927428729e8174c5dba488429be70a998ed", size = 24074, upload-time = "2026-10-02T23:05:01.813Z" },
    { url = "https://files.pythonhosted.org/packages/c7/81/5ed69cda630ac69ef60d06c09ba5a7f84ff66a2e28cf986fd5614ab3c6e6/markupsafe-3.0.4-cp312-cp312-musllinux_1_2_riscv64.whl", hash = "sha256:e1a622f13970d81f95d0c72f9dc090dce9085fccfa4c9f2174377ee32bd15786", size = 21563, upload-time = "2026-10-02T23:05:03.239Z" },
    { url = "https://files.pythonhosted.org/packages/0c/fe/fb1e79be0fea60aa32602ebefc9c35a82bb42b4df157285ab7dfec12341a/markupsafe-3.0.4-cp312-cp312-musllinux_1_2_x86_64.whl", hash = "sha256:c9a7f43c0b202b334cc9184af09bb8f21d3a209e038efaf106936fb69e6b026e", size = 23048, upload-time = "2026-10-02T23:05:04.479Z" },
    { url = "https://files.pythonhosted.org/packages/c8/52/7632a53360671a9b750cdbabaf9cdd89f18b42248b8e4cb42c0b0296e459/markupsafe-3.0.4-cp312-cp312-win32.whl", hash = "sha256:f0ec3b750b59375eab5b0fb2b9254810c00a3375be6d789899f1055a1d556237", size = 14108, upload-time = "2026-10-02T23:05:05.513Z" },
    { url = "https://files.pythonhosted.org/packages/3f/bf/62495e180b7000aaf30000fff849e933f74264638057176cf46852500adc/markupsafe-3.0.4-cp312-cp312-win_amd64.whl", hash = "sha256:11935df9bf455ed0c04eb87bcd720f02b1fe5e02128a9430f23aed6f93336fc7", size = 14303, upload-time = "2026-10-02T23:05:06.538Z" },
    { url = "https://files.pythonhosted.org/packages/c5/8e/4c24208776a65878d656996945aacfbfe010d3720d1a98fc0eb8491fc03b/markupsafe-3.0.4-cp312-cp312-win_arm64.whl", hash = "sha256:a4bbd2d87dd233b9fc5812160c3d0ffbe42edc22a26ce0469f58479ede633fe9", size = 14174, upload-time = "2026-10-02T23:05:07.617Z" },
]

[[package]]
name = "mpmath"
version = "1.3.0"
source = { registry = "https://pypi.org/simple" }
sdist = { url = "https://files.pythonhosted.org/packages/e0/47/dd32fa426cc72114383ac549964eecb20ecfd886d1e5ccf5340b55b02f57/mpmath-1.3.0.tar.gz", hash = "sha256:7a28eb2a9774d00c7bc92411c19a89209d5da7c4c9a9e227be8330a23a25b91f", size = 508106, upload-time = "2023-03-07T16:47:11.061Z" }
wheels = [
    { url = "https://files.pythonhosted.org/packages/43/e3/7d92a15f894aa0c9c4b49b8ee9ac9850d6e63b03c9c32c0367a13ae62209/mpmath-1.3.0-py3-none-any.whl", hash = "sha256:a0b2b9fe80bbcd81a6647ff13108738cfb482d481d826cc0e02f5b35e5c88d2c", size = 536198, upload-time = "2023-03-07T16:47:09.197Z" },
]

[[package]]
name = "networkx"
version = "3.7"
source = { registry = "https://pypi.org/simple" }
sdist = { url = "https://files.pythonhosted.org/packages/dc/76/3af777226b63a5e64a6b36b1ec5855c14e2b94a37096d4760e595fc43511/networkx-3.7.tar.gz", hash = "sha256:fd77a511bd90f39f3d016351345b52cf5319b813bdca01de3f755d3cca62e96a", size = 1866482, upload-time = "2026-09-21T16:45:16.974Z" }
wheels = [
    { url = "https://files.pythonhosted.org/packages/7e/cd/fe58041e9011f307c490e3e17dd48cc516448f7c698a3f2d9d9d65d7e6a8/networkx-3.7-py3-none-any.whl", hash = "sha256:e3fd2c13a7814cee3746340d8d7f8598a67f16a58bf47fb7f8793fab6efca1b0", size = 2142205, upload-time = "2026-09-21T16:45:14.609Z" },
]

[[package]]
name = "numpy"
version = "2.5.3"
source = { registry = "https://pypi.org/simple" }
sdist = { url = "https://files.pythonhosted.org/packages/13/01/11703282db468b85f6f7b8c7f22d058de5970d5c7e60a3a8aaa313c3de36/numpy-2.5.3.tar.gz", hash = "sha256:df2d5874ff183595a4ba404edd04f6bd9b5505c1d7708573f6a6c17489a67563", size = 20791231, upload-time = "2026-09-06T16:27:47.073Z" }
wheels = [
    { url = "https://files.pythonhosted.org/packages/d6/50/8fdbb16af64895706a45f06a4068e29db732ec180f3c1375f14123359138/numpy-2.5.3-cp312-cp312-macosx_10_13_x86_64.whl", hash = "sha256:cb189f09db39283b26bfd061ec16189e14f71c6755207f72a0f7540867afe5b9", size = 16994982, upload-time = "2026-09-06T16:24:29.244Z" },
    { url = "https://files.pythonhosted.org/packages/60/39/789131c1188c078dcb3a1692e72e1e050c68b88ffe72c9ccaac9bcd7a9cd/numpy-2.5.3-cp312-cp312-macosx_11_0_arm64.whl", hash = "sha256:f59a878c33d6b88122d80d239bb3b845d58708750b0cb06a09aebb9b18ec696c", size = 12009327, upload-time = "2026-09-06T16:24:32.491Z" },
    { url = "https://files.pythonhosted.org/packages/9c/59/a312e95696e5f601914dd8b6dd844692ba61670807417e24b68e337b5c70/numpy-2.5.3-cp312-cp312-macosx_14_0_arm64.whl", hash = "sha256:a72f874bc9e10e4b8f80426fb49716d5141f64442a0c8418065093ec8017fbb0", size = 5445405, upload-time = "2026-09-06T16:24:35.071Z" },
    { url = "https://files.pythonhosted.org/packages/30/d0/5623a1707ed4fe16e3909fe3cf5ee3da004ae677ad23d83bbf3adf1a6faf/numpy-2.5.3-cp312-cp312-macosx_14_0_x86_64.whl", hash = "sha256:fc36dc566135b5eceec4cf89758fcb719266a019ef07dae1754ae7c9f617ef3e", size = 6783213, upload-time = "2026-09-06T16:24:37.253Z" },
    { url = "https://files.pythonhosted.org/packages/f1/32/84146fc020ad3c25f805f70ab60da46fe3c540a21369754a7e4369754b6f/numpy-2.5.3-cp312-cp312-manylinux_2_27_aarch64.manylinux_2_28_aarch64.whl", hash = "sha256:76c2c1e6bfa5c84adc6434dfbf013aa92096a7985221762c8f11fedfd20fff58", size = 15687872, upload-time = "2026-09-06T16:24:39.751Z" },
    { url = "https://files.pythonhosted.org/packages/65/af/aa78d1a88805456e212b65461354cd943197fb9acecc4c90fd12295123a3/numpy-2.5.3-cp312-cp312-manylinux_2_27_x86_64.manylinux_2_28_x86_64.whl", hash = "sha256:b7e18c623bb5c95acb3b3328861272816ba199fb531921c5d6d0b675f1fde9e3", size = 16717410, upload-time = "2026-09-06T16:24:42.745Z" },
    { url = "https://files.pythonhosted.org/packages/3b/24/faa79d865e69a97ba17473b23a1b74094b2259c03e820c70297293b9ea49/numpy-2.5.3-cp312-cp312-musllinux_1_2_aarch64.whl", hash = "sha256:4f8929ee6c96bfbd7b4ed2032e0c03af86fe1826740ab61ddabf9072d06e57ff", size = 17040975, upload-time = "2026-09-06T16:24:45.961Z" },
    { url = "https://files.pythonhosted.org/packages/62/4a/8877e629445a7176297dffcaf9c485faa96a95d81728a62521ad55bd4c0f/numpy-2.5.3-cp312-cp312-musllinux_1_2_x86_64.whl", hash = "sha256:b5d93cf48f687479941d12b69c873ad2cc76bbd487f0091c2200636497f34034", size = 18476479, upload-time = "2026-09-06T16:24:49.35Z" },
    { url = "https://files.pythonhosted.org/packages/c8/db/35e1c2d38b04cbd5b731f9d71495e055e813197669d22b612f11748d2ff9/numpy-2.5.3-cp312-cp312-win32.whl", hash = "sha256:bf63afbe037eb5d2fe87fbcc7778e61da53ebaf21d938a4515aa73b62532a5d4", size = 6133378, upload-time = "2026-09-06T16:24:51.915Z" },
    { url = "https://files.pythonhosted.org/packages/3c/a1/accf6d4f0c80c5d9ba9735d6b1550e444180599f34dec69ca01360f717ad/numpy-2.5.3-cp312-cp312-win_amd64.whl", hash = "sha256:0a59a421a32580a009e8a1751345bf829631b990dc1794b80514ab722b435def", size = 12567828, upload-time = "2026-09-06T16:24:54.255Z" },
    { url = "https://files.pythonhosted.org/packages/22/43/1764aff32e4652526ae2f71fa8b3efd8d25c8a3d6926914454e47138ed1e/numpy-2.5.3-cp312-cp312-win_arm64.whl", hash = "sha256:ccb32e0525d29e8b0572eb84c9a57af0e7a4e615726927506f55063c62414034", size = 10485432, upload-time = "2026-09-06T16:24:57.278Z" },
]

[[package]]
name = "nvidia-cublas"
version = "13.1.1.3"
source = { registry = "https://pypi.org/simple" }
dependencies = [
    { name = "nvidia-cuda-nvrtc" },
]
wheels = [
    { url = "https://files.pythonhosted.org/packages/a7/a1/0bd24ee8c8d03adac032fd2909426a00c88f8c57961b1277ded97f91119f/nvidia_cublas-13.1.1.3-py3-none-manylinux_2_27_aarch64.whl", hash = "sha256:b7a210458267ac818974c53038fbec2e969d5c99f305ab15c72522fa9f001dd5", size = 542848918, upload-time = "2026-04-08T18:46:22.985Z" },
    { url = "https://files.pythonhosted.org/packages/3b/cd/154ca20c38269e05eff77c1464e6c1da89f50a6390b565e9d82e06bc11e1/nvidia_cublas-13.1.1.3-py3-none-manylinux_2_27_x86_64.whl", hash = "sha256:37936a16db8fe4ac1f065c2139360608a543a09275cb1a1af612e08cfa065436", size = 423138758, upload-time = "2026-04-08T18:46:58.655Z" },
]

[[package]]
name = "nvidia-cuda-cupti"
version = "13.0.85"
source = { registry = "https://pypi.org/simple" }
wheels = [
    { url = "https://files.pythonhosted.org/packages/2a/2a/80353b103fc20ce05ef51e928daed4b6015db4aaa9162ed0997090fe2250/nvidia_cuda_cupti-13.0.85-py3-none-manylinux_2_25_aarch64.whl", hash = "sha256:796bd679890ee55fb14a94629b698b6db54bcfd833d391d5e94017dd9d7d3151", size = 10310827, upload-time = "2025-09-04T08:26:42.012Z" },
    { url = "https://files.pythonhosted.org/packages/33/6d/737d164b4837a9bbd202f5ae3078975f0525a55730fe871d8ed4e3b952b0/nvidia_cuda_cupti-13.0.85-py3-none-manylinux_2_25_x86_64.whl", hash = "sha256:4eb01c08e859bf924d222250d2e8f8b8ff6d3db4721288cf35d14252a4d933c8", size = 10715597, upload-time = "2025-09-04T08:26:51.312Z" },
]

[[package]]
name = "nvidia-cuda-nvrtc"
version = "13.0.88"
source = { registry = "https://pypi.org/simple" }
wheels = [
    { url = "https://files.pythonhosted.org/packages/c3/68/483a78f5e8f31b08fb1bb671559968c0ca3a065ac7acabfc7cee55214fd6/nvidia_cuda_nvrtc-13.0.88-py3-none-manylinux2010_x86_64.manylinux_2_12_x86_64.whl", hash = "sha256:ad9b6d2ead2435f11cbb6868809d2adeeee302e9bb94bcf0539c7a40d80e8575", size = 90215200, upload-time = "2025-09-04T08:28:44.204Z" },
    { url = "https://files.pythonhosted.org/packages/b7/dc/6bb80850e0b7edd6588d560758f17e0550893a1feaf436807d64d2da040f/nvidia_cuda_nvrtc-13.0.88-py3-none-manylinux2014_aarch64.manylinux_2_17_aarch64.whl", hash = "sha256:d27f20a0ca67a4bb34268a5e951033496c5b74870b868bacd046b1b8e0c3267b", size = 43015449, upload-time = "2025-09-04T08:28:20.239Z" },
]

[[package]]
name = "nvidia-cuda-runtime"
version = "13.0.96"
source = { registry = "https://pypi.org/simple" }
wheels = [
    { url = "https://files.pythonhosted.org/packages/87/4f/17d7b9b8e285199c58ce28e31b5c5bbaa4d8271af06a89b6405258245de2/nvidia_cuda_runtime-13.0.96-py3-none-manylinux2014_aarch64.manylinux_2_17_aarch64.whl", hash = "sha256:ef9bcbe90493a2b9d810e43d249adb3d02e98dd30200d86607d8d02687c43f55", size = 2261060, upload-time = "2025-10-09T08:55:15.78Z" },
    { url = "https://files.pythonhosted.org/packages/2e/24/d1558f3b68b1d26e706813b1d10aa1d785e4698c425af8db8edc3dced472/nvidia_cuda_runtime-13.0.96-py3-none-manylinux2014_x86_64.manylinux_2_17_x86_64.whl", hash = "sha256:7f82250d7782aa23b6cfe765ecc7db554bd3c2870c43f3d1821f1d18aebf0548", size = 2243632, upload-time = "2025-10-09T08:55:36.117Z" },
]

[[package]]
name = "nvidia-cudnn-cu13"
version = "9.24.0.43"
source = { registry = "https://pypi.org/simple" }
dependencies = [
    { name = "nvidia-cublas" },
]
wheels = [
    { url = "https://files.pythonhosted.org/packages/ca/30/7c257e3d5cb4fecb147b93895c66e29c93f8e76d74b45bb418ff0587c4ec/nvidia_cudnn_cu13-9.24.0.43-py3-none-manylinux_2_27_aarch64.whl", hash = "sha256:a6812a554a1ff0413e9c52b84c26c050380649ab9615f9c16bded368ce9f421f", size = 650976863, upload-time = "2026-07-02T16:23:39.248Z" },
    { url = "https://files.pythonhosted.org/packages/5c/ba/791cffd048fe5b044e620df55267e3e95c0e6e07d50b41e377c03dfc910f/nvidia_cudnn_cu13-9.24.0.43-py3-none-manylinux_2_27_x86_64.whl", hash = "sha256:71f181cd810e90f9b6023b01186fe82d13d65f0ec098581ee201d39fad769e4b", size = 553099438, upload-time = "2026-07-02T16:27:42.58Z" },
]

[[package]]
name = "nvidia-cufft"
version = "12.0.0.61"
source = { registry = "https://pypi.org/simple" }
dependencies = [
    { name = "nvidia-nvjitlink" },
]
wheels = [
    { url = "https://files.pythonhosted.org/packages/8b/ae/f417a75c0259e85c1d2f83ca4e960289a5f814ed0cea74d18c353d3e989d/nvidia_cufft-12.0.0.61-py3-none-manylinux2014_aarch64.manylinux_2_17_aarch64.whl", hash = "sha256:2708c852ef8cd89d1d2068bdbece0aa188813a0c934db3779b9b1faa8442e5f5", size = 214053554, upload-time = "2025-09-04T08:31:38.196Z" },
    { url = "https://files.pythonhosted.org/packages/a8/2f/7b57e29836ea8714f81e9898409196f47d772d5ddedddf1592eadb8ab743/nvidia_cufft-12.0.0.61-py3-none-manylinux2014_x86_64.manylinux_2_17_x86_64.whl", hash = "sha256:6c44f692dce8fd5ffd3e3df134b6cdb9c2f72d99cf40b62c32dde45eea9ddad3", size = 214085489, upload-time = "2025-09-04T08:31:56.044Z" },
]

[[package]]
name = "nvidia-cufile"
version = "1.15.1.6"
source = { registry = "https://pypi.org/simple" }
wheels = [
    { url = "https://files.pythonhosted.org/packages/3f/70/4f193de89a48b71714e74602ee14d04e4019ad36a5a9f20c425776e72cd6/nvidia_cufile-1.15.1.6-py3-none-manylinux2014_x86_64.manylinux_2_17_x86_64.whl", hash = "sha256:08a3ecefae5a01c7f5117351c64f17c7c62efa5fffdbe24fc7d298da19cd0b44", size = 1223672, upload-time = "2025-09-04T08:32:22.779Z" },
    { url = "https://files.pythonhosted.org/packages/ab/73/cc4a14c9813a8a0d509417cf5f4bdaba76e924d58beb9864f5a7baceefbf/nvidia_cufile-1.15.1.6-py3-none-manylinux_2_27_aarch64.whl", hash = "sha256:bdc0deedc61f548bddf7733bdc216456c2fdb101d020e1ab4b88d232d5e2f6d1", size = 1136992, upload-time = "2025-09-04T08:32:14.119Z" },
]

[[package]]
name = "nvidia-curand"
version = "10.4.0.35"
source = { registry = "https://pypi.org/simple" }
wheels = [
    { url = "https://files.pythonhosted.org/packages/1e/72/7c2ae24fb6b63a32e6ae5d241cc65263ea18d08802aaae087d9f013335a2/nvidia_curand-10.4.0.35-py3-none-manylinux_2_27_aarch64.whl", hash = "sha256:133df5a7509c3e292aaa2b477afd0194f06ce4ea24d714d616ff36439cee349a", size = 61962106, upload-time = "2025-08-04T10:21:41.128Z" },
    { url = "https://files.pythonhosted.org/packages/a5/9f/be0a41ca4a4917abf5cb9ae0daff1a6060cc5de950aec0396de9f3b52bc5/nvidia_curand-10.4.0.35-py3-none-manylinux_2_27_x86_64.whl", hash = "sha256:1aee33a5da6e1db083fe2b90082def8915f30f3248d5896bcec36a579d941bfc", size = 59544258, upload-time = "2025-08-04T10:22:03.992Z" },
]

[[package]]
name = "nvidia-cusolver"
version = "12.0.4.66"
source = { registry = "https://pypi.org/simple" }
dependencies = [
    { name = "nvidia-cublas" },
    { name = "nvidia-cusparse" },
    { name = "nvidia-nvjitlink" },
]
wheels = [
    { url = "https://files.pythonhosted.org/packages/c8/c3/b30c9e935fc01e3da443ec0116ed1b2a009bb867f5324d3f2d7e533e776b/nvidia_cusolver-12.0.4.66-py3-none-manylinux_2_27_aarch64.whl", hash = "sha256:02c2457eaa9e39de20f880f4bd8820e6a1cfb9f9a34f820eb12a155aa5bc92d2", size = 223467760, upload-time = "2025-09-04T08:33:04.222Z" },
    { url = "https://files.pythonhosted.org/packages/5f/67/cba3777620cdacb99102da4042883709c41c709f4b6323c10781a9c3aa34/nvidia_cusolver-12.0.4.66-py3-none-manylinux_2_27_x86_64.whl", hash = "sha256:0a759da5dea5c0ea10fd307de75cdeb59e7ea4fcb8add0924859b944babf1112", size = 200941980, upload-time = "2025-09-04T08:33:22.767Z" },
]

[[package]]
name = "nvidia-cusparse"
version = "12.6.3.3"
source = { registry = "https://pypi.org/simple" }
dependencies = [
    { name = "nvidia-nvjitlink" },
]
wheels = [
    { url = "https://files.pythonhosted.org/packages/f8/94/5c26f33738ae35276672f12615a64bd008ed5be6d1ebcb23579285d960a9/nvidia_cusparse-12.6.3.3-py3-none-manylinux2014_aarch64.manylinux_2_17_aarch64.whl", hash = "sha256:80bcc4662f23f1054ee334a15c72b8940402975e0eab63178fc7e670aa59472c", size = 162155568, upload-time = "2025-09-04T08:33:42.864Z" },
    { url = "https://files.pythonhosted.org/packages/fa/18/623c77619c31d62efd55302939756966f3ecc8d724a14dab2b75f1508850/nvidia_cusparse-12.6.3.3-py3-none-manylinux2014_x86_64.manylinux_2_17_x86_64.whl", hash = "sha256:2b3c89c88d01ee0e477cb7f82ef60a11a4bcd57b6b87c33f789350b59759360b", size = 145942937, upload-time = "2025-09-04T08:33:58.029Z" },
]

[[package]]
name = "nvidia-cusparselt-cu13"
version = "0.8.1"
source = { registry = "https://pypi.org/simple" }
wheels = [
    { url = "https://files.pythonhosted.org/packages/46/e1/cdc1797eadf82d3a9a575a19b33fdc871a97edbec42c00b5b5e914f4aff4/nvidia_cusparselt_cu13-0.8.1-py3-none-manylinux2014_aarch64.whl", hash = "sha256:4dca476c50bf4780d46cd0bfbd82e2bc10a08e4fef7950917ce8d7578d22a23f", size = 221051344, upload-time = "2025-09-05T18:49:51.289Z" },
    { url = "https://files.pythonhosted.org/packages/34/7d/2661f2fb3ac4302f3a246f5fc030213ac60c1fe0bce84f9783dbd831dbb7/nvidia_cusparselt_cu13-0.8.1-py3-none-manylinux2014_x86_64.whl", hash = "sha256:786ce87568c303fadb5afcc7102d454cd3040d75f6f8626f5db460d1871f4dd0", size = 170148586, upload-time = "2025-09-05T18:50:50.248Z" },
]

[[package]]
name = "nvidia-nccl-cu13"
version = "2.30.7"
source = { registry = "https://pypi.org/simple" }
wheels = [
    { url = "https://files.pythonhosted.org/packages/d1/21/a73174c6157101bdf1ffc22b517f76ff0082613989dd9bc8f43e8034caac/nvidia_nccl_cu13-2.30.7-py3-none-manylinux_2_18_aarch64.whl", hash = "sha256:ca786ffa5a647c75d4d1f5cc72a6c4f537947e2ba8823d7c8aaf768e7a7b9f77", size = 215983881, upload-time = "2026-06-09T03:23:15.633Z" },
    { url = "https://files.pythonhosted.org/packages/3f/34/c500f90c7ae641b8e0f98965b36b8a7ac79cc8b296e8d251fe3eb592ee54/nvidia_nccl_cu13-2.30.7-py3-none-manylinux_2_18_x86_64.whl", hash = "sha256:cefa7fdb9710efd0f39c5f1be1d61ff6fc9a996c451265bd7fbdcf9455ed4b50", size = 215965170, upload-time = "2026-06-09T03:23:39.73Z" },
]

[[package]]
name = "nvidia-nvjitlink"
version = "13.4.92"
source = { registry = "https://pypi.org/simple" }
wheels = [
    { url = "https://files.pythonhosted.org/packages/1d/6b/eef7a9e32872b8f41e145bf10cddc9af26e153c338852811fe9a9baddf9e/nvidia_nvjitlink-13.4.92-py3-none-manylinux2010_x86_64.manylinux_2_12_x86_64.whl", hash = "sha256:e0391f24ed94ec879b84e3da4d4ec320c879aff681f2c7a638462f7199284323", size = 42452378, upload-time = "2026-09-16T20:45:29.042Z" },
    { url = "https://files.pythonhosted.org/packages/1f/a8/1cbd4014898af8b419e69b0d7dbc63da2121ee92d92b47d59f4fe9075349/nvidia_nvjitlink-13.4.92-py3-none-manylinux2014_aarch64.manylinux_2_17_aarch64.whl", hash = "sha256:25f74fad0d654271c921ac4dca614bd6258bc21791242fc7b2289dad7ae9c099", size = 40420120, upload-time = "2026-09-16T20:45:19.163Z" },
]

[[package]]
name = "nvidia-nvshmem-cu13"
version = "3.4.5"
source = { registry = "https://pypi.org/simple" }
wheels = [
    { url = "https://files.pythonhosted.org/packages/dc/0f/05cc9c720236dcd2db9c1ab97fff629e96821be2e63103569da0c9b72f19/nvidia_nvshmem_cu13-3.4.5-py3-none-manylinux2014_aarch64.manylinux_2_17_aarch64.whl", hash = "sha256:6dc2a197f38e5d0376ad52cd1a2a3617d3cdc150fd5966f4aee9bcebb1d68fe9", size = 60215947, upload-time = "2025-09-06T00:32:20.022Z" },
    { url = "https://files.pythonhosted.org/packages/3c/35/a9bf80a609e74e3b000fef598933235c908fcefcef9026042b8e6dfde2a9/nvidia_nvshmem_cu13-3.4.5-py3-none-manylinux2014_x86_64.manylinux_2_17_x86_64.whl", hash = "sha256:290f0a2ee94c9f3687a02502f3b9299a9f9fe826e6d0287ee18482e78d495b80", size = 60412546, upload-time = "2025-09-06T00:32:41.564Z" },
]

[[package]]
name = "nvidia-nvtx"
version = "13.0.85"
source = { registry = "https://pypi.org/simple" }
wheels = [
    { url = "https://files.pythonhosted.org/packages/c2/f3/d86c845465a2723ad7e1e5c36dcd75ddb82898b3f53be47ebd429fb2fa5d/nvidia_nvtx-13.0.85-py3-none-manylinux1_x86_64.manylinux_2_5_x86_64.whl", hash = "sha256:4936d1d6780fbe68db454f5e72a42ff64d1fd6397df9f363ae786930fd5c1cd4", size = 148047, upload-time = "2025-09-04T08:29:01.761Z" },
    { url = "https://files.pythonhosted.org/packages/a8/64/3708a90d1ebe202ffdeb7185f878a3c84d15c2b2c31858da2ce0583e2def/nvidia_nvtx-13.0.85-py3-none-manylinux2014_aarch64.manylinux_2_17_aarch64.whl", hash = "sha256:cb7780edb6b14107373c835bf8b72e7a178bac7367e23da7acb108f973f157a6", size = 148878, upload-time = "2025-09-04T08:28:53.627Z" },
]

[[package]]
name = "nwsapi-model-training"
version = "0.0.0"
source = { virtual = "." }
dependencies = [
    { name = "numpy" },
    { name = "torch" },
]

[package.dev-dependencies]
dev = [
    { name = "coverage" },
]

[package.metadata]
requires-dist = [
    { name = "numpy", specifier = ">=2.0,<3" },
    { name = "torch", specifier = "==2.14.1" },
]

[package.metadata.requires-dev]
dev = [{ name = "coverage", specifier = "==7.16.2" }]

[[package]]
name = "setuptools"
version = "84.0.0"
source = { registry = "https://pypi.org/simple" }
sdist = { url = "https://files.pythonhosted.org/packages/6d/44/f5da03a8ef95d369145c5bb53050e7877c9f3d312e128605fd9504829143/setuptools-84.0.0.tar.gz", hash = "sha256:f4695c21257f0d9b537ec2692c941d02ee143b7cc1276941349a546573b2ef73", size = 1168449, upload-time = "2026-08-08T18:27:58.365Z" }
wheels = [
    { url = "https://files.pythonhosted.org/packages/95/9c/c510029fc6ef33a6275cd2c5d3cecd6613dfd6aa401d57c54f1c18852ccf/setuptools-84.0.0-py3-none-any.whl", hash = "sha256:51a52592b3b99e102b609654876bd65f19f999935166d1352678931132b0c670", size = 818216, upload-time = "2026-08-08T18:27:56.719Z" },
]

[[package]]
name = "sympy"
version = "1.14.0"
source = { registry = "https://pypi.org/simple" }
dependencies = [
    { name = "mpmath" },
]
sdist = { url = "https://files.pythonhosted.org/packages/83/d3/803453b36afefb7c2bb238361cd4ae6125a569b4db67cd9e79846ba2d68c/sympy-1.14.0.tar.gz", hash = "sha256:d3d3fe8df1e5a0b42f0e7bdf50541697dbe7d23746e894990c030e2b05e72517", size = 7793921, upload-time = "2025-04-27T18:05:01.611Z" }
wheels = [
    { url = "https://files.pythonhosted.org/packages/a2/09/77d55d46fd61b4a135c444fc97158ef34a095e5681d0a6c10b75bf356191/sympy-1.14.0-py3-none-any.whl", hash = "sha256:e091cc3e99d2141a0ba2847328f5479b05d94a6635cb96148ccb3f34671bd8f5", size = 6299353, upload-time = "2025-04-27T18:04:59.103Z" },
]

[[package]]
name = "torch"
version = "2.14.1"
source = { registry = "https://pypi.org/simple" }
dependencies = [
    { name = "cuda-bindings", marker = "sys_platform == 'linux'" },
    { name = "cuda-toolkit", extra = ["cublas", "cudart", "cufft", "cufile", "cupti", "curand", "cusolver", "cusparse", "nvjitlink", "nvrtc", "nvtx"], marker = "sys_platform == 'linux'" },
    { name = "filelock" },
    { name = "fsspec" },
    { name = "jinja2" },
    { name = "networkx" },
    { name = "nvidia-cudnn-cu13", marker = "sys_platform == 'linux'" },
    { name = "nvidia-cusparselt-cu13", marker = "sys_platform == 'linux'" },
    { name = "nvidia-nccl-cu13", marker = "sys_platform == 'linux'" },
    { name = "nvidia-nvshmem-cu13", marker = "sys_platform == 'linux'" },
    { name = "setuptools" },
    { name = "sympy" },
    { name = "triton", marker = "sys_platform == 'linux'" },
    { name = "typing-extensions" },
]
wheels = [
    { url = "https://files.pythonhosted.org/packages/4b/3c/379349820e9a6e713826de3d0b88f07728541bdcabe2a3afd128871cdc4b/torch-2.14.1-cp312-cp312-macosx_14_0_arm64.whl", hash = "sha256:420dbf314c180ee4b86e9bc00aee5746a7d6e5bacdd7df925af671ed393f0b2e", size = 127307099, upload-time = "2026-09-30T17:44:10.421Z" },
    { url = "https://files.pythonhosted.org/packages/a4/3e/474930ab971e306957ec763b7df695d659179e15ccab9e7073d47ae14ce8/torch-2.14.1-cp312-cp312-manylinux_2_28_aarch64.whl", hash = "sha256:0b13acde294b401509830d85a8906cbf2fc97425a12a66cce1d9fa13c5106a2a", size = 453998918, upload-time = "2026-09-30T17:52:45.134Z" },
    { url = "https://files.pythonhosted.org/packages/ba/fd/c470857d0dfc5d4c94430658b3eed60fd5292b0bf596a8aae7b9fd66d674/torch-2.14.1-cp312-cp312-manylinux_2_28_x86_64.whl", hash = "sha256:23011fe29a99b591eabb3a31a25080c62e2c2f0690a3c798744e5489dae50451", size = 554618695, upload-time = "2026-09-30T17:53:06.8Z" },
    { url = "https://files.pythonhosted.org/packages/ad/1a/b9648b0d228e513f69f8453ec3f90a8d436d78ff6d85a2773e539f0c07cf/torch-2.14.1-cp312-cp312-win_amd64.whl", hash = "sha256:38bee9f2a2ccfc6898172a5075e4ba52522fbe143eeb099674fc67ab390e858d", size = 124113906, upload-time = "2026-09-30T17:52:21.377Z" },
]

[[package]]
name = "triton"
version = "3.8.0"
source = { registry = "https://pypi.org/simple" }
wheels = [
    { url = "https://files.pythonhosted.org/packages/87/07/0f8cd8e8db0472334253efdaaab3d0819fea27aa99bf0e7f1aeea4ceb5ae/triton-3.8.0-cp312-cp312-manylinux_2_27_aarch64.manylinux_2_28_aarch64.whl", hash = "sha256:a9c404c69ed4a39e8ec632eaf6b9fe058a060bf98979c177f6ef666f06bb8d50", size = 226474486, upload-time = "2026-08-28T16:08:18.29Z" },
    { url = "https://files.pythonhosted.org/packages/c1/09/b7012e5bfae67640f268aa584caa80fe1674f6b0da949046b679972c33e3/triton-3.8.0-cp312-cp312-manylinux_2_27_x86_64.manylinux_2_28_x86_64.whl", hash = "sha256:e91ffa46d095b252248297292dd22bcbacd53a125a0c2eefbbbf74925a320bc3", size = 247972921, upload-time = "2026-08-28T15:55:53.157Z" },
]

[[package]]
name = "typing-extensions"
version = "4.16.0"
source = { registry = "https://pypi.org/simple" }
sdist = { url = "https://files.pythonhosted.org/packages/f6/cc/6253133b5bb138fc3306cebfbda2c520f545d36b5be2c7255cc528bb45d6/typing_extensions-4.16.0.tar.gz", hash = "sha256:dc983d19a509c94dba722ee6abd33940f7c05a89e243c47e907eb4db6f1a43e5", size = 113555, upload-time = "2026-07-02T08:40:05.92Z" }
wheels = [
    { url = "https://files.pythonhosted.org/packages/49/d3/b8441a820a491ddfc024b0b0cf0393375b75ea13866d9c66727e54c2fc80/typing_extensions-4.16.0-py3-none-any.whl", hash = "sha256:481caa481374e813c1b176ada14e97f1f67a4539ce9cfeb3f350d78d6370c2e8", size = 45571, upload-time = "2026-07-02T08:40:04.659Z" },
]
